
Microsoft Visual Studio Solution File, Format Version 12.00
# Visual Studio Version 16
VisualStudioVersion = 16.0.31025.194
MinimumVisualStudioVersion = 10.0.40219.1
Project("{FAE04EC0-301F-11D3-BF4B-00C04F79EFBC}") = "ProductApi", "ProductApi\ProductApi.csproj", "{1AB91A38-F37E-4AE7-8E64-FA0D1C14D7A3}"
EndProject
Global
	GlobalSection(SolutionConfigurationPlatforms) = preSolution
		Debug|Any CPU = Debug|Any CPU
		Release|Any CPU = Release|Any CPU
	EndGlobalSection
	GlobalSection(ProjectConfigurationPlatforms) = postSolution
		{1AB91A38-F37E-4AE7-8E64-FA0D1C14D7A3}.Debug|Any CPU.ActiveCfg = Debug|Any CPU
		{1AB91A38-F37E-4AE7-8E64-FA0D1C14D7A3}.Debug|Any CPU.Build.0 = Debug|Any CPU
		{1AB91A38-F37E-4AE7-8E64-FA0D1C14D7A3}.Release|Any CPU.ActiveCfg = Release|Any CPU
		{1AB91A38-F37E-4AE7-8E64-FA0D1C14D7A3}.Release|Any CPU.Build.0 = Release|Any CPU
	EndGlobalSection
	GlobalSection(SolutionProperties) = preSolution
		HideSolutionNode = FALSE
	EndGlobalSection
	GlobalSection(ExtensibilityGlobals) = postSolution
		SolutionGuid = {931AD910-A8DD-43B7-9297-BFF6988DCD4C}
	EndGlobalSection
EndGlobal
